// !$*UTF8*$!
{
	archiveVersion = 1;
	classes = {
	};
	objectVersion = 50;
	objects = {

/* Begin PBXBuildFile section */
		30D4660F20A66EB2006FCB75 /* ResultVC.swift in Sources */ = {isa = PBXBuildFile; fileRef = 30D4660E20A66EB2006FCB75 /* ResultVC.swift */; };
		30D4661120A79F5E006FCB75 /* ReivewVC.swift in Sources */ = {isa = PBXBuildFile; fileRef = 30D4661020A79F5E006FCB75 /* ReivewVC.swift */; };
		523E433020A278B200B1A5B8 /* UIBGView.swift in Sources */ = {isa = PBXBuildFile; fileRef = 523E432F20A278B200B1A5B8 /* UIBGView.swift */; };
		52F470344AC762E42F56B6D1 /* Pods_letsquizzTests.framework in Frameworks */ = {isa = PBXBuildFile; fileRef = 769057C7BB4A4BD0523BCA14 /* Pods_letsquizzTests.framework */; };
		83C8258A040B0A626A8656BF /* Pods_letsquizz.framework in Frameworks */ = {isa = PBXBuildFile; fileRef = B99146EB1AD7303E3B22FAE5 /* Pods_letsquizz.framework */; };
		B41DF7AD20A6B8A8004AD452 /* CategoryVC.swift in Sources */ = {isa = PBXBuildFile; fileRef = B41DF7AC20A6B8A8004AD452 /* CategoryVC.swift */; };
		D23E4231209AF68200290694 /* HomePageViewController.swift in Sources */ = {isa = PBXBuildFile; fileRef = D23E4230209AF68200290694 /* HomePageViewController.swift */; };
		D297F944208AA8ED00ADEF81 /* AppDelegate.swift in Sources */ = {isa = PBXBuildFile; fileRef = D297F943208AA8ED00ADEF81 /* AppDelegate.swift */; };
		D297F949208AA8ED00ADEF81 /* Main.storyboard in Resources */ = {isa = PBXBuildFile; fileRef = D297F947208AA8ED00ADEF81 /* Main.storyboard */; };
		D297F94B208AA8EE00ADEF81 /* Assets.xcassets in Resources */ = {isa = PBXBuildFile; fileRef = D297F94A208AA8EE00ADEF81 /* Assets.xcassets */; };
		D297F94E208AA8EE00ADEF81 /* LaunchScreen.storyboard in Resources */ = {isa = PBXBuildFile; fileRef = D297F94C208AA8EE00ADEF81 /* LaunchScreen.storyboard */; };
		D297F959208AA8EE00ADEF81 /* letsquizzTests.swift in Sources */ = {isa = PBXBuildFile; fileRef = D297F958208AA8EE00ADEF81 /* letsquizzTests.swift */; };
		D297F964208AB92000ADEF81 /* testingVC.swift in Sources */ = {isa = PBXBuildFile; fileRef = D297F963208AB92000ADEF81 /* testingVC.swift */; };
		D297F966208AB9C500ADEF81 /* Model.swift in Sources */ = {isa = PBXBuildFile; fileRef = D297F965208AB9C500ADEF81 /* Model.swift */; };
		D297F968208ACCCD00ADEF81 /* LoginVC.swift in Sources */ = {isa = PBXBuildFile; fileRef = D297F967208ACCCD00ADEF81 /* LoginVC.swift */; };
		D297F96A208AD02100ADEF81 /* SignUpVC.swift in Sources */ = {isa = PBXBuildFile; fileRef = D297F969208AD02100ADEF81 /* SignUpVC.swift */; };
/* End PBXBuildFile section */

/* Begin PBXContainerItemProxy section */
		D297F955208AA8EE00ADEF81 /* PBXContainerItemProxy */ = {
			isa = PBXContainerItemProxy;
			containerPortal = D297F938208AA8EC00ADEF81 /* Project object */;
			proxyType = 1;
			remoteGlobalIDString = D297F93F208AA8ED00ADEF81;
			remoteInfo = letsquizz;
		};
/* End PBXContainerItemProxy section */

/* Begin PBXFileReference section */
		0923DB636FB8D1E1E726271E /* Pods-letsquizzTests.release.xcconfig */ = {isa = PBXFileReference; includeInIndex = 1; lastKnownFileType = text.xcconfig; name = "Pods-letsquizzTests.release.xcconfig"; path = "Pods/Target Support Files/Pods-letsquizzTests/Pods-letsquizzTests.release.xcconfig"; sourceTree = "<group>"; };
		17B8B72CABFFD7BEE34CCF85 /* Pods-letsquizz.release.xcconfig */ = {isa = PBXFileReference; includeInIndex = 1; lastKnownFileType = text.xcconfig; name = "Pods-letsquizz.release.xcconfig"; path = "Pods/Target Support Files/Pods-letsquizz/Pods-letsquizz.release.xcconfig"; sourceTree = "<group>"; };
		30D4660E20A66EB2006FCB75 /* ResultVC.swift */ = {isa = PBXFileReference; lastKnownFileType = sourcecode.swift; path = ResultVC.swift; sourceTree = "<group>"; };
		30D4661020A79F5E006FCB75 /* ReivewVC.swift */ = {isa = PBXFileReference; lastKnownFileType = sourcecode.swift; path = ReivewVC.swift; sourceTree = "<group>"; };
		523E432F20A278B200B1A5B8 /* UIBGView.swift */ = {isa = PBXFileReference; lastKnownFileType = sourcecode.swift; path = UIBGView.swift; sourceTree = "<group>"; };
		769057C7BB4A4BD0523BCA14 /* Pods_letsquizzTests.framework */ = {isa = PBXFileReference; explicitFileType = wrapper.framework; includeInIndex = 0; path = Pods_letsquizzTests.framework; sourceTree = BUILT_PRODUCTS_DIR; };
		90531DB85A89B9549CE02A93 /* Pods-letsquizz.debug.xcconfig */ = {isa = PBXFileReference; includeInIndex = 1; lastKnownFileType = text.xcconfig; name = "Pods-letsquizz.debug.xcconfig"; path = "Pods/Target Support Files/Pods-letsquizz/Pods-letsquizz.debug.xcconfig"; sourceTree = "<group>"; };
		B41DF7AC20A6B8A8004AD452 /* CategoryVC.swift */ = {isa = PBXFileReference; lastKnownFileType = sourcecode.swift; path = CategoryVC.swift; sourceTree = "<group>"; };
		B99146EB1AD7303E3B22FAE5 /* Pods_letsquizz.framework */ = {isa = PBXFileReference; explicitFileType = wrapper.framework; includeInIndex = 0; path = Pods_letsquizz.framework; sourceTree = BUILT_PRODUCTS_DIR; };
		D23E4230209AF68200290694 /* HomePageViewController.swift */ = {isa = PBXFileReference; lastKnownFileType = sourcecode.swift; path = HomePageViewController.swift; sourceTree = "<group>"; };
		D297F940208AA8ED00ADEF81 /* letsquizz.app */ = {isa = PBXFileReference; explicitFileType = wrapper.application; includeInIndex = 0; path = letsquizz.app; sourceTree = BUILT_PRODUCTS_DIR; };
		D297F943208AA8ED00ADEF81 /* AppDelegate.swift */ = {isa = PBXFileReference; lastKnownFileType = sourcecode.swift; path = AppDelegate.swift; sourceTree = "<group>"; };
		D297F948208AA8ED00ADEF81 /* Base */ = {isa = PBXFileReference; lastKnownFileType = file.storyboard; name = Base; path = Base.lproj/Main.storyboard; sourceTree = "<group>"; };
		D297F94A208AA8EE00ADEF81 /* Assets.xcassets */ = {isa = PBXFileReference; lastKnownFileType = folder.assetcatalog; path = Assets.xcassets; sourceTree = "<group>"; };
		D297F94D208AA8EE00ADEF81 /* Base */ = {isa = PBXFileReference; lastKnownFileType = file.storyboard; name = Base; path = Base.lproj/LaunchScreen.storyboard; sourceTree = "<group>"; };
		D297F94F208AA8EE00ADEF81 /* Info.plist */ = {isa = PBXFileReference; lastKnownFileType = text.plist.xml; path = Info.plist; sourceTree = "<group>"; };
		D297F954208AA8EE00ADEF81 /* letsquizzTests.xctest */ = {isa = PBXFileReference; explicitFileType = wrapper.cfbundle; includeInIndex = 0; path = letsquizzTests.xctest; sourceTree = BUILT_PRODUCTS_DIR; };
		D297F958208AA8EE00ADEF81 /* letsquizzTests.swift */ = {isa = PBXFileReference; lastKnownFileType = sourcecode.swift; path = letsquizzTests.swift; sourceTree = "<group>"; };
		D297F95A208AA8EE00ADEF81 /* Info.plist */ = {isa = PBXFileReference; lastKnownFileType = text.plist.xml; path = Info.plist; sourceTree = "<group>"; };
		D297F963208AB92000ADEF81 /* testingVC.swift */ = {isa = PBXFileReference; lastKnownFileType = sourcecode.swift; path = testingVC.swift; sourceTree = "<group>"; };
		D297F965208AB9C500ADEF81 /* Model.swift */ = {isa = PBXFileReference; lastKnownFileType = sourcecode.swift; path = Model.swift; sourceTree = "<group>"; };
		D297F967208ACCCD00ADEF81 /* LoginVC.swift */ = {isa = PBXFileReference; lastKnownFileType = sourcecode.swift; path = LoginVC.swift; sourceTree = "<group>"; };
		D297F969208AD02100ADEF81 /* SignUpVC.swift */ = {isa = PBXFileReference; lastKnownFileType = sourcecode.swift; path = SignUpVC.swift; sourceTree = "<group>"; };
		E24CE1039B8DF043441BDFF5 /* Pods-letsquizzTests.debug.xcconfig */ = {isa = PBXFileReference; includeInIndex = 1; lastKnownFileType = text.xcconfig; name = "Pods-letsquizzTests.debug.xcconfig"; path = "Pods/Target Support Files/Pods-letsquizzTests/Pods-letsquizzTests.debug.xcconfig"; sourceTree = "<group>"; };
/* End PBXFileReference section */

/* Begin PBXFrameworksBuildPhase section */
		D297F93D208AA8ED00ADEF81 /* Frameworks */ = {
			isa = PBXFrameworksBuildPhase;
			buildActionMask = 2147483647;
			files = (
				83C8258A040B0A626A8656BF /* Pods_letsquizz.framework in Frameworks */,
			);
			runOnlyForDeploymentPostprocessing = 0;
		};
		D297F951208AA8EE00ADEF81 /* Frameworks */ = {
			isa = PBXFrameworksBuildPhase;
			buildActionMask = 2147483647;
			files = (
				52F470344AC762E42F56B6D1 /* Pods_letsquizzTests.framework in Frameworks */,
			);
			runOnlyForDeploymentPostprocessing = 0;
		};
/* End PBXFrameworksBuildPhase section */

/* Begin PBXGroup section */
		A9BB7932FBD009DD8D2F5976 /* Pods */ = {
			isa = PBXGroup;
			children = (
				90531DB85A89B9549CE02A93 /* Pods-letsquizz.debug.xcconfig */,
				17B8B72CABFFD7BEE34CCF85 /* Pods-letsquizz.release.xcconfig */,
				E24CE1039B8DF043441BDFF5 /* Pods-letsquizzTests.debug.xcconfig */,
				0923DB636FB8D1E1E726271E /* Pods-letsquizzTests.release.xcconfig */,
			);
			name = Pods;
			sourceTree = "<group>";
		};
		D297F937208AA8EC00ADEF81 = {
			isa = PBXGroup;
			children = (
				D297F942208AA8ED00ADEF81 /* letsquizz */,
				D297F957208AA8EE00ADEF81 /* letsquizzTests */,
				D297F941208AA8ED00ADEF81 /* Products */,
				A9BB7932FBD009DD8D2F5976 /* Pods */,
				D4A67511B96901071649E21E /* Frameworks */,
			);
			sourceTree = "<group>";
		};
		D297F941208AA8ED00ADEF81 /* Products */ = {
			isa = PBXGroup;
			children = (
				D297F940208AA8ED00ADEF81 /* letsquizz.app */,
				D297F954208AA8EE00ADEF81 /* letsquizzTests.xctest */,
			);
			name = Products;
			sourceTree = "<group>";
		};
		D297F942208AA8ED00ADEF81 /* letsquizz */ = {
			isa = PBXGroup;
			children = (
				D297F943208AA8ED00ADEF81 /* AppDelegate.swift */,
				D297F947208AA8ED00ADEF81 /* Main.storyboard */,
				B41DF7AC20A6B8A8004AD452 /* CategoryVC.swift */,
				D297F969208AD02100ADEF81 /* SignUpVC.swift */,
				30D4661020A79F5E006FCB75 /* ReivewVC.swift */,
				D297F967208ACCCD00ADEF81 /* LoginVC.swift */,
				D297F965208AB9C500ADEF81 /* Model.swift */,
				30D4660E20A66EB2006FCB75 /* ResultVC.swift */,
				D297F963208AB92000ADEF81 /* testingVC.swift */,
				D297F94A208AA8EE00ADEF81 /* Assets.xcassets */,
				D297F94C208AA8EE00ADEF81 /* LaunchScreen.storyboard */,
				D297F94F208AA8EE00ADEF81 /* Info.plist */,
				D23E4230209AF68200290694 /* HomePageViewController.swift */,
				523E432F20A278B200B1A5B8 /* UIBGView.swift */,
			);
			path = letsquizz;
			sourceTree = "<group>";
		};
		D297F957208AA8EE00ADEF81 /* letsquizzTests */ = {
			isa = PBXGroup;
			children = (
				D297F958208AA8EE00ADEF81 /* letsquizzTests.swift */,
				D297F95A208AA8EE00ADEF81 /* Info.plist */,
			);
			path = letsquizzTests;
			sourceTree = "<group>";
		};
		D4A67511B96901071649E21E /* Frameworks */ = {
			isa = PBXGroup;
			children = (
				B99146EB1AD7303E3B22FAE5 /* Pods_letsquizz.framework */,
				769057C7BB4A4BD0523BCA14 /* Pods_letsquizzTests.framework */,
			);
			name = Frameworks;
			sourceTree = "<group>";
		};
/* End PBXGroup section */

/* Begin PBXNativeTarget section */
		D297F93F208AA8ED00ADEF81 /* letsquizz */ = {
			isa = PBXNativeTarget;
			buildConfigurationList = D297F95D208AA8EE00ADEF81 /* Build configuration list for PBXNativeTarget "letsquizz" */;
			buildPhases = (
				2932FFD01B596835B6A9DD50 /* [CP] Check Pods Manifest.lock */,
				D297F93C208AA8ED00ADEF81 /* Sources */,
				D297F93D208AA8ED00ADEF81 /* Frameworks */,
				D297F93E208AA8ED00ADEF81 /* Resources */,
				75F1278DBEA5200312D30E6C /* [CP] Embed Pods Frameworks */,
			);
			buildRules = (
			);
			dependencies = (
			);
			name = letsquizz;
			productName = letsquizz;
			productReference = D297F940208AA8ED00ADEF81 /* letsquizz.app */;
			productType = "com.apple.product-type.application";
		};
		D297F953208AA8EE00ADEF81 /* letsquizzTests */ = {
			isa = PBXNativeTarget;
			buildConfigurationList = D297F960208AA8EE00ADEF81 /* Build configuration list for PBXNativeTarget "letsquizzTests" */;
			buildPhases = (
				5E39FB54368D1BA022C22771 /* [CP] Check Pods Manifest.lock */,
				D297F950208AA8EE00ADEF81 /* Sources */,
				D297F951208AA8EE00ADEF81 /* Frameworks */,
				D297F952208AA8EE00ADEF81 /* Resources */,
			);
			buildRules = (
			);
			dependencies = (
				D297F956208AA8EE00ADEF81 /* PBXTargetDependency */,
			);
			name = letsquizzTests;
			productName = letsquizzTests;
			productReference = D297F954208AA8EE00ADEF81 /* letsquizzTests.xctest */;
			productType = "com.apple.product-type.bundle.unit-test";
		};
/* End PBXNativeTarget section */

/* Begin PBXProject section */
		D297F938208AA8EC00ADEF81 /* Project object */ = {
			isa = PBXProject;
			attributes = {
				LastSwiftUpdateCheck = 0930;
				LastUpgradeCheck = 0930;
				ORGANIZATIONNAME = letsquizz;
				TargetAttributes = {
					D297F93F208AA8ED00ADEF81 = {
						CreatedOnToolsVersion = 9.3;
					};
					D297F953208AA8EE00ADEF81 = {
						CreatedOnToolsVersion = 9.3;
						TestTargetID = D297F93F208AA8ED00ADEF81;
					};
				};
			};
			buildConfigurationList = D297F93B208AA8EC00ADEF81 /* Build configuration list for PBXProject "letsquizz" */;
			compatibilityVersion = "Xcode 9.3";
			developmentRegion = en;
			hasScannedForEncodings = 0;
			knownRegions = (
				en,
				Base,
			);
			mainGroup = D297F937208AA8EC00ADEF81;
			productRefGroup = D297F941208AA8ED00ADEF81 /* Products */;
			projectDirPath = "";
			projectRoot = "";
			targets = (
				D297F93F208AA8ED00ADEF81 /* letsquizz */,
				D297F953208AA8EE00ADEF81 /* letsquizzTests */,
			);
		};
/* End PBXProject section */

/* Begin PBXResourcesBuildPhase section */
		D297F93E208AA8ED00ADEF81 /* Resources */ = {
			isa = PBXResourcesBuildPhase;
			buildActionMask = 2147483647;
			files = (
				D297F94E208AA8EE00ADEF81 /* LaunchScreen.storyboard in Resources */,
				D297F94B208AA8EE00ADEF81 /* Assets.xcassets in Resources */,
				D297F949208AA8ED00ADEF81 /* Main.storyboard in Resources */,
			);
			runOnlyForDeploymentPostprocessing = 0;
		};
		D297F952208AA8EE00ADEF81 /* Resources */ = {
			isa = PBXResourcesBuildPhase;
			buildActionMask = 2147483647;
			files = (
			);
			runOnlyForDeploymentPostprocessing = 0;
		};
/* End PBXResourcesBuildPhase section */

/* Begin PBXShellScriptBuildPhase section */
		2932FFD01B596835B6A9DD50 /* [CP] Check Pods Manifest.lock */ = {
			isa = PBXShellScriptBuildPhase;
			buildActionMask = 2147483647;
			files = (
			);
			inputPaths = (
				"${PODS_PODFILE_DIR_PATH}/Podfile.lock",
				"${PODS_ROOT}/Manifest.lock",
			);
			name = "[CP] Check Pods Manifest.lock";
			outputPaths = (
				"$(DERIVED_FILE_DIR)/Pods-letsquizz-checkManifestLockResult.txt",
			);
			runOnlyForDeploymentPostprocessing = 0;
			shellPath = /bin/sh;
			shellScript = "diff \"${PODS_PODFILE_DIR_PATH}/Podfile.lock\" \"${PODS_ROOT}/Manifest.lock\" > /dev/null\nif [ $? != 0 ] ; then\n    # print error to STDERR\n    echo \"error: The sandbox is not in sync with the Podfile.lock. Run 'pod install' or update your CocoaPods installation.\" >&2\n    exit 1\nfi\n# This output is used by Xcode 'outputs' to avoid re-running this script phase.\necho \"SUCCESS\" > \"${SCRIPT_OUTPUT_FILE_0}\"\n";
			showEnvVarsInLog = 0;
		};
		5E39FB54368D1BA022C22771 /* [CP] Check Pods Manifest.lock */ = {
			isa = PBXShellScriptBuildPhase;
			buildActionMask = 2147483647;
			files = (
			);
			inputPaths = (
				"${PODS_PODFILE_DIR_PATH}/Podfile.lock",
				"${PODS_ROOT}/Manifest.lock",
			);
			name = "[CP] Check Pods Manifest.lock";
			outputPaths = (
				"$(DERIVED_FILE_DIR)/Pods-letsquizzTests-checkManifestLockResult.txt",
			);
			runOnlyForDeploymentPostprocessing = 0;
			shellPath = /bin/sh;
			shellScript = "diff \"${PODS_PODFILE_DIR_PATH}/Podfile.lock\" \"${PODS_ROOT}/Manifest.lock\" > /dev/null\nif [ $? != 0 ] ; then\n    # print error to STDERR\n    echo \"error: The sandbox is not in sync with the Podfile.lock. Run 'pod install' or update your CocoaPods installation.\" >&2\n    exit 1\nfi\n# This output is used by Xcode 'outputs' to avoid re-running this script phase.\necho \"SUCCESS\" > \"${SCRIPT_OUTPUT_FILE_0}\"\n";
			showEnvVarsInLog = 0;
		};
		75F1278DBEA5200312D30E6C /* [CP] Embed Pods Frameworks */ = {
			isa = PBXShellScriptBuildPhase;
			buildActionMask = 2147483647;
			files = (
			);
			inputPaths = (
				"${SRCROOT}/Pods/Target Support Files/Pods-letsquizz/Pods-letsquizz-frameworks.sh",
				"${BUILT_PRODUCTS_DIR}/SwiftKeychainWrapper/SwiftKeychainWrapper.framework",
			);
			name = "[CP] Embed Pods Frameworks";
			outputPaths = (
				"${TARGET_BUILD_DIR}/${FRAMEWORKS_FOLDER_PATH}/SwiftKeychainWrapper.framework",
			);
			runOnlyForDeploymentPostprocessing = 0;
			shellPath = /bin/sh;
			shellScript = "\"${SRCROOT}/Pods/Target Support Files/Pods-letsquizz/Pods-letsquizz-frameworks.sh\"\n";
			showEnvVarsInLog = 0;
		};
/* End PBXShellScriptBuildPhase section */

/* Begin PBXSourcesBuildPhase section */
		D297F93C208AA8ED00ADEF81 /* Sources */ = {
			isa = PBXSourcesBuildPhase;
			buildActionMask = 2147483647;
			files = (
				D297F964208AB92000ADEF81 /* testingVC.swift in Sources */,
				30D4660F20A66EB2006FCB75 /* ResultVC.swift in Sources */,
				D297F944208AA8ED00ADEF81 /* AppDelegate.swift in Sources */,
				B41DF7AD20A6B8A8004AD452 /* CategoryVC.swift in Sources */,
				523E433020A278B200B1A5B8 /* UIBGView.swift in Sources */,
				D23E4231209AF68200290694 /* HomePageViewController.swift in Sources */,
				D297F966208AB9C500ADEF81 /* Model.swift in Sources */,
				D297F96A208AD02100ADEF81 /* SignUpVC.swift in Sources */,
				30D4661120A79F5E006FCB75 /* ReivewVC.swift in Sources */,
				D297F968208ACCCD00ADEF81 /* LoginVC.swift in Sources */,
			);
			runOnlyForDeploymentPostprocessing = 0;
		};
		D297F950208AA8EE00ADEF81 /* Sources */ = {
			isa = PBXSourcesBuildPhase;
			buildActionMask = 2147483647;
			files = (
				D297F959208AA8EE00ADEF81 /* letsquizzTests.swift in Sources */,
			);
			runOnlyForDeploymentPostprocessing = 0;
		};
/* End PBXSourcesBuildPhase section */

/* Begin PBXTargetDependency section */
		D297F956208AA8EE00ADEF81 /* PBXTargetDependency */ = {
			isa = PBXTargetDependency;
			target = D297F93F208AA8ED00ADEF81 /* letsquizz */;
			targetProxy = D297F955208AA8EE00ADEF81 /* PBXContainerItemProxy */;
		};
/* End PBXTargetDependency section */

/* Begin PBXVariantGroup section */
		D297F947208AA8ED00ADEF81 /* Main.storyboard */ = {
			isa = PBXVariantGroup;
			children = (
				D297F948208AA8ED00ADEF81 /* Base */,
			);
			name = Main.storyboard;
			sourceTree = "<group>";
		};
		D297F94C208AA8EE00ADEF81 /* LaunchScreen.storyboard */ = {
			isa = PBXVariantGroup;
			children = (
				D297F94D208AA8EE00ADEF81 /* Base */,
			);
			name = LaunchScreen.storyboard;
			sourceTree = "<group>";
		};
/* End PBXVariantGroup section */

/* Begin XCBuildConfiguration section */
		D297F95B208AA8EE00ADEF81 /* Debug */ = {
			isa = XCBuildConfiguration;
			buildSettings = {
				ALWAYS_SEARCH_USER_PATHS = NO;
				CLANG_ANALYZER_NONNULL = YES;
				CLANG_ANALYZER_NUMBER_OBJECT_CONVERSION = YES_AGGRESSIVE;
				CLANG_CXX_LANGUAGE_STANDARD = "gnu++14";
				CLANG_CXX_LIBRARY = "libc++";
				CLANG_ENABLE_MODULES = YES;
				CLANG_ENABLE_OBJC_ARC = YES;
				CLANG_ENABLE_OBJC_WEAK = YES;
				CLANG_WARN_BLOCK_CAPTURE_AUTORELEASING = YES;
				CLANG_WARN_BOOL_CONVERSION = YES;
				CLANG_WARN_COMMA = YES;
				CLANG_WARN_CONSTANT_CONVERSION = YES;
				CLANG_WARN_DEPRECATED_OBJC_IMPLEMENTATIONS = YES;
				CLANG_WARN_DIRECT_OBJC_ISA_USAGE = YES_ERROR;
				CLANG_WARN_DOCUMENTATION_COMMENTS = YES;
				CLANG_WARN_EMPTY_BODY = YES;
				CLANG_WARN_ENUM_CONVERSION = YES;
				CLANG_WARN_INFINITE_RECURSION = YES;
				CLANG_WARN_INT_CONVERSION = YES;
				CLANG_WARN_NON_LITERAL_NULL_CONVERSION = YES;
				CLANG_WARN_OBJC_IMPLICIT_RETAIN_SELF = YES;
				CLANG_WARN_OBJC_LITERAL_CONVERSION = YES;
				CLANG_WARN_OBJC_ROOT_CLASS = YES_ERROR;
				CLANG_WARN_RANGE_LOOP_ANALYSIS = YES;
				CLANG_WARN_STRICT_PROTOTYPES = YES;
				CLANG_WARN_SUSPICIOUS_MOVE = YES;
				CLANG_WARN_UNGUARDED_AVAILABILITY = YES_AGGRESSIVE;
				CLANG_WARN_UNREACHABLE_CODE = YES;
				CLANG_WARN__DUPLICATE_METHOD_MATCH = YES;
				CODE_SIGN_IDENTITY = "iPhone Developer";
				COPY_PHASE_STRIP = NO;
				DEBUG_INFORMATION_FORMAT = dwarf;
				ENABLE_STRICT_OBJC_MSGSEND = YES;
				ENABLE_TESTABILITY = YES;
				GCC_C_LANGUAGE_STANDARD = gnu11;
				GCC_DYNAMIC_NO_PIC = NO;
				GCC_NO_COMMON_BLOCKS = YES;
				GCC_OPTIMIZATION_LEVEL = 0;
				GCC_PREPROCESSOR_DEFINITIONS = (
					"DEBUG=1",
					"$(inherited)",
				);
				GCC_WARN_64_TO_32_BIT_CONVERSION = YES;
				GCC_WARN_ABOUT_RETURN_TYPE = YES_ERROR;
				GCC_WARN_UNDECLARED_SELECTOR = YES;
				GCC_WARN_UNINITIALIZED_AUTOS = YES_AGGRESSIVE;
				GCC_WARN_UNUSED_FUNCTION = YES;
				GCC_WARN_UNUSED_VARIABLE = YES;
				IPHONEOS_DEPLOYMENT_TARGET = 11.3;
				MTL_ENABLE_DEBUG_INFO = YES;
				ONLY_ACTIVE_ARCH = YES;
				SDKROOT = iphoneos;
				SWIFT_ACTIVE_COMPILATION_CONDITIONS = DEBUG;
				SWIFT_OPTIMIZATION_LEVEL = "-Onone";
			};
			name = Debug;
		};
		D297F95C208AA8EE00ADEF81 /* Release */ = {
			isa = XCBuildConfiguration;
			buildSettings = {
				ALWAYS_SEARCH_USER_PATHS = NO;
				CLANG_ANALYZER_NONNULL = YES;
				CLANG_ANALYZER_NUMBER_OBJECT_CONVERSION = YES_AGGRESSIVE;
				CLANG_CXX_LANGUAGE_STANDARD = "gnu++14";
				CLANG_CXX_LIBRARY = "libc++";
				CLANG_ENABLE_MODULES = YES;
				CLANG_ENABLE_OBJC_ARC = YES;
				CLANG_ENABLE_OBJC_WEAK = YES;
				CLANG_WARN_BLOCK_CAPTURE_AUTORELEASING = YES;
				CLANG_WARN_BOOL_CONVERSION = YES;
				CLANG_WARN_COMMA = YES;
				CLANG_WARN_CONSTANT_CONVERSION = YES;
				CLANG_WARN_DEPRECATED_OBJC_IMPLEMENTATIONS = YES;
				CLANG_WARN_DIRECT_OBJC_ISA_USAGE = YES_ERROR;
				CLANG_WARN_DOCUMENTATION_COMMENTS = YES;
				CLANG_WARN_EMPTY_BODY = YES;
				CLANG_WARN_ENUM_CONVERSION = YES;
				CLANG_WARN_INFINITE_RECURSION = YES;
				CLANG_WARN_INT_CONVERSION = YES;
				CLANG_WARN_NON_LITERAL_NULL_CONVERSION = YES;
				CLANG_WARN_OBJC_IMPLICIT_RETAIN_SELF = YES;
				CLANG_WARN_OBJC_LITERAL_CONVERSION = YES;
				CLANG_WARN_OBJC_ROOT_CLASS = YES_ERROR;
				CLANG_WARN_RANGE_LOOP_ANALYSIS = YES;
				CLANG_WARN_STRICT_PROTOTYPES = YES;
				CLANG_WARN_SUSPICIOUS_MOVE = YES;
				CLANG_WARN_UNGUARDED_AVAILABILITY = YES_AGGRESSIVE;
				CLANG_WARN_UNREACHABLE_CODE = YES;
				CLANG_WARN__DUPLICATE_METHOD_MATCH = YES;
				CODE_SIGN_IDENTITY = "iPhone Developer";
				COPY_PHASE_STRIP = NO;
				DEBUG_INFORMATION_FORMAT = "dwarf-with-dsym";
				ENABLE_NS_ASSERTIONS = NO;
				ENABLE_STRICT_OBJC_MSGSEND = YES;
				GCC_C_LANGUAGE_STANDARD = gnu11;
				GCC_NO_COMMON_BLOCKS = YES;
				GCC_WARN_64_TO_32_BIT_CONVERSION = YES;
				GCC_WARN_ABOUT_RETURN_TYPE = YES_ERROR;
				GCC_WARN_UNDECLARED_SELECTOR = YES;
				GCC_WARN_UNINITIALIZED_AUTOS = YES_AGGRESSIVE;
				GCC_WARN_UNUSED_FUNCTION = YES;
				GCC_WARN_UNUSED_VARIABLE = YES;
				IPHONEOS_DEPLOYMENT_TARGET = 11.3;
				MTL_ENABLE_DEBUG_INFO = NO;
				SDKROOT = iphoneos;
				SWIFT_COMPILATION_MODE = wholemodule;
				SWIFT_OPTIMIZATION_LEVEL = "-O";
				VALIDATE_PRODUCT = YES;
			};
			name = Release;
		};
		D297F95E208AA8EE00ADEF81 /* Debug */ = {
			isa = XCBuildConfiguration;
			baseConfigurationReference = 90531DB85A89B9549CE02A93 /* Pods-letsquizz.debug.xcconfig */;
			buildSettings = {
				ASSETCATALOG_COMPILER_APPICON_NAME = AppIcon;
				CODE_SIGN_STYLE = Automatic;
				INFOPLIST_FILE = letsquizz/Info.plist;
				LD_RUNPATH_SEARCH_PATHS = (
					"$(inherited)",
					"@executable_path/Frameworks",
				);
				PRODUCT_BUNDLE_IDENTIFIER = com.letsquizz.letsquizz;
				PRODUCT_NAME = "$(TARGET_NAME)";
				SWIFT_VERSION = 4.0;
				TARGETED_DEVICE_FAMILY = "1,2";
			};
			name = Debug;
		};
		D297F95F208AA8EE00ADEF81 /* Release */ = {
			isa = XCBuildConfiguration;
			baseConfigurationReference = 17B8B72CABFFD7BEE34CCF85 /* Pods-letsquizz.release.xcconfig */;
			buildSettings = {
				ASSETCATALOG_COMPILER_APPICON_NAME = AppIcon;
				CODE_SIGN_STYLE = Automatic;
				INFOPLIST_FILE = letsquizz/Info.plist;
				LD_RUNPATH_SEARCH_PATHS = (
					"$(inherited)",
					"@executable_path/Frameworks",
				);
				PRODUCT_BUNDLE_IDENTIFIER = com.letsquizz.letsquizz;
				PRODUCT_NAME = "$(TARGET_NAME)";
				SWIFT_VERSION = 4.0;
				TARGETED_DEVICE_FAMILY = "1,2";
			};
			name = Release;
		};
		D297F961208AA8EE00ADEF81 /* Debug */ = {
			isa = XCBuildConfiguration;
			baseConfigurationReference = E24CE1039B8DF043441BDFF5 /* Pods-letsquizzTests.debug.xcconfig */;
			buildSettings = {
				ALWAYS_EMBED_SWIFT_STANDARD_LIBRARIES = YES;
				BUNDLE_LOADER = "$(TEST_HOST)";
				CODE_SIGN_STYLE = Automatic;
				INFOPLIST_FILE = letsquizzTests/Info.plist;
				LD_RUNPATH_SEARCH_PATHS = (
					"$(inherited)",
					"@executable_path/Frameworks",
					"@loader_path/Frameworks",
				);
				PRODUCT_BUNDLE_IDENTIFIER = com.letsquizz.letsquizzTests;
				PRODUCT_NAME = "$(TARGET_NAME)";
				SWIFT_VERSION = 4.0;
				TARGETED_DEVICE_FAMILY = "1,2";
				TEST_HOST = "$(BUILT_PRODUCTS_DIR)/letsquizz.app/letsquizz";
			};
			name = Debug;
		};
		D297F962208AA8EE00ADEF81 /* Release */ = {
			isa = XCBuildConfiguration;
			baseConfigurationReference = 0923DB636FB8D1E1E726271E /* Pods-letsquizzTests.release.xcconfig */;
			buildSettings = {
				ALWAYS_EMBED_SWIFT_STANDARD_LIBRARIES = YES;
				BUNDLE_LOADER = "$(TEST_HOST)";
				CODE_SIGN_STYLE = Automatic;
				INFOPLIST_FILE = letsquizzTests/Info.plist;
				LD_RUNPATH_SEARCH_PATHS = (
					"$(inherited)",
					"@executable_path/Frameworks",
					"@loader_path/Frameworks",
				);
				PRODUCT_BUNDLE_IDENTIFIER = com.letsquizz.letsquizzTests;
				PRODUCT_NAME = "$(TARGET_NAME)";
				SWIFT_VERSION = 4.0;
				TARGETED_DEVICE_FAMILY = "1,2";
				TEST_HOST = "$(BUILT_PRODUCTS_DIR)/letsquizz.app/letsquizz";
			};
			name = Release;
		};
/* End XCBuildConfiguration section */

/* Begin XCConfigurationList section */
		D297F93B208AA8EC00ADEF81 /* Build configuration list for PBXProject "letsquizz" */ = {
			isa = XCConfigurationList;
			buildConfigurations = (
				D297F95B208AA8EE00ADEF81 /* Debug */,
				D297F95C208AA8EE00ADEF81 /* Release */,
			);
			defaultConfigurationIsVisible = 0;
			defaultConfigurationName = Release;
		};
		D297F95D208AA8EE00ADEF81 /* Build configuration list for PBXNativeTarget "letsquizz" */ = {
			isa = XCConfigurationList;
			buildConfigurations = (
				D297F95E208AA8EE00ADEF81 /* Debug */,
				D297F95F208AA8EE00ADEF81 /* Release */,
			);
			defaultConfigurationIsVisible = 0;
			defaultConfigurationName = Release;
		};
		D297F960208AA8EE00ADEF81 /* Build configuration list for PBXNativeTarget "letsquizzTests" */ = {
			isa = XCConfigurationList;
			buildConfigurations = (
				D297F961208AA8EE00ADEF81 /* Debug */,
				D297F962208AA8EE00ADEF81 /* Release */,
			);
			defaultConfigurationIsVisible = 0;
			defaultConfigurationName = Release;
		};
/* End XCConfigurationList section */
	};
	rootObject = D297F938208AA8EC00ADEF81 /* Project object */;
}
